
Microsoft Visual Studio Solution File, Format Version 12.00
# Visual Studio 14
VisualStudioVersion = 14.0.25420.1
MinimumVisualStudioVersion = 10.0.40219.1
Project("{FAE04EC0-301F-11D3-BF4B-00C04F79EFBC}") = "AntData.ORM", "AntData.ORM\AntData.ORM.csproj", "{8156E731-ED0A-404E-9A72-FCA6988270DA}"
EndProject
Project("{FAE04EC0-301F-11D3-BF4B-00C04F79EFBC}") = "AntData.ORM.Mysql", "AntData.ORM.Mysql\AntData.ORM.Mysql.csproj", "{793DCFF9-618B-4106-9F2E-7280D8DA8CCC}"
EndProject
Project("{FAE04EC0-301F-11D3-BF4B-00C04F79EFBC}") = "AntDataUnitTest", "AntDataUnitTest\AntDataUnitTest.csproj", "{A0141544-D86B-456D-9300-1C04465FC994}"
EndProject
Project("{FAE04EC0-301F-11D3-BF4B-00C04F79EFBC}") = "DbModels", "DbModels\DbModels.csproj", "{856DAAFF-D0C6-4C37-8112-E110D8C588B1}"
EndProject
Global
	GlobalSection(SolutionConfigurationPlatforms) = preSolution
		Debug|Any CPU = Debug|Any CPU
		Release|Any CPU = Release|Any CPU
	EndGlobalSection
	GlobalSection(ProjectConfigurationPlatforms) = postSolution
		{8156E731-ED0A-404E-9A72-FCA6988270DA}.Debug|Any CPU.ActiveCfg = Debug|Any CPU
		{8156E731-ED0A-404E-9A72-FCA6988270DA}.Debug|Any CPU.Build.0 = Debug|Any CPU
		{8156E731-ED0A-404E-9A72-FCA6988270DA}.Release|Any CPU.ActiveCfg = Release|Any CPU
		{8156E731-ED0A-404E-9A72-FCA6988270DA}.Release|Any CPU.Build.0 = Release|Any CPU
		{793DCFF9-618B-4106-9F2E-7280D8DA8CCC}.Debug|Any CPU.ActiveCfg = Debug|Any CPU
		{793DCFF9-618B-4106-9F2E-7280D8DA8CCC}.Debug|Any CPU.Build.0 = Debug|Any CPU
		{793DCFF9-618B-4106-9F2E-7280D8DA8CCC}.Release|Any CPU.ActiveCfg = Release|Any CPU
		{793DCFF9-618B-4106-9F2E-7280D8DA8CCC}.Release|Any CPU.Build.0 = Release|Any CPU
		{A0141544-D86B-456D-9300-1C04465FC994}.Debug|Any CPU.ActiveCfg = Debug|Any CPU
		{A0141544-D86B-456D-9300-1C04465FC994}.Debug|Any CPU.Build.0 = Debug|Any CPU
		{A0141544-D86B-456D-9300-1C04465FC994}.Release|Any CPU.ActiveCfg = Release|Any CPU
		{A0141544-D86B-456D-9300-1C04465FC994}.Release|Any CPU.Build.0 = Release|Any CPU
		{856DAAFF-D0C6-4C37-8112-E110D8C588B1}.Debug|Any CPU.ActiveCfg = Debug|Any CPU
		{856DAAFF-D0C6-4C37-8112-E110D8C588B1}.Debug|Any CPU.Build.0 = Debug|Any CPU
		{856DAAFF-D0C6-4C37-8112-E110D8C588B1}.Release|Any CPU.ActiveCfg = Release|Any CPU
		{856DAAFF-D0C6-4C37-8112-E110D8C588B1}.Release|Any CPU.Build.0 = Release|Any CPU
	EndGlobalSection
	GlobalSection(SolutionProperties) = preSolution
		HideSolutionNode = FALSE
	EndGlobalSection
EndGlobal
