
Microsoft Visual Studio Solution File, Format Version 12.00
# Visual Studio 15
VisualStudioVersion = 15.0.28307.902
MinimumVisualStudioVersion = 10.0.40219.1
Project("{9A19103F-16F7-4668-BE54-9A1E7A4F7556}") = "AntData.ORM", "AntData.ORM\AntData.ORM.csproj", "{8156E731-ED0A-404E-9A72-FCA6988270DA}"
EndProject
Project("{9A19103F-16F7-4668-BE54-9A1E7A4F7556}") = "AntData.ORM.Mysql", "AntData.ORM.Mysql\AntData.ORM.Mysql.csproj", "{793DCFF9-618B-4106-9F2E-7280D8DA8CCC}"
EndProject
Project("{FAE04EC0-301F-11D3-BF4B-00C04F79EFBC}") = "AntDataUnitTest", "AntDataUnitTest\AntDataUnitTest.csproj", "{A0141544-D86B-456D-9300-1C04465FC994}"
EndProject
Project("{FAE04EC0-301F-11D3-BF4B-00C04F79EFBC}") = "AntData.DbModels", "AntData.DbModels\AntData.DbModels.csproj", "{856DAAFF-D0C6-4C37-8112-E110D8C588B1}"
EndProject
Project("{FAE04EC0-301F-11D3-BF4B-00C04F79EFBC}") = "AntData.DbModels.TemplateInstaller", "AntData.DbModels.TemplateInstaller\AntData.DbModels.TemplateInstaller.csproj", "{467D10FB-D9C3-4323-B738-641750DE9646}"
EndProject
Project("{FAE04EC0-301F-11D3-BF4B-00C04F79EFBC}") = "PkDapper", "PkDapper\PkDapper.csproj", "{C3B6101B-0B5A-492E-946B-ECC05483137F}"
EndProject
Project("{FAE04EC0-301F-11D3-BF4B-00C04F79EFBC}") = "AntData.ORM.Oracle", "AntData.ORM.Oracle\AntData.ORM.Oracle.csproj", "{6340E498-25E5-4D6E-914F-ACE51CE0D7E3}"
EndProject
Global
	GlobalSection(SolutionConfigurationPlatforms) = preSolution
		Debug|Any CPU = Debug|Any CPU
		Debug|x86 = Debug|x86
		Release|Any CPU = Release|Any CPU
		Release|x86 = Release|x86
	EndGlobalSection
	GlobalSection(ProjectConfigurationPlatforms) = postSolution
		{8156E731-ED0A-404E-9A72-FCA6988270DA}.Debug|Any CPU.ActiveCfg = Debug|Any CPU
		{8156E731-ED0A-404E-9A72-FCA6988270DA}.Debug|Any CPU.Build.0 = Debug|Any CPU
		{8156E731-ED0A-404E-9A72-FCA6988270DA}.Debug|x86.ActiveCfg = Debug|Any CPU
		{8156E731-ED0A-404E-9A72-FCA6988270DA}.Debug|x86.Build.0 = Debug|Any CPU
		{8156E731-ED0A-404E-9A72-FCA6988270DA}.Release|Any CPU.ActiveCfg = Release|Any CPU
		{8156E731-ED0A-404E-9A72-FCA6988270DA}.Release|Any CPU.Build.0 = Release|Any CPU
		{8156E731-ED0A-404E-9A72-FCA6988270DA}.Release|x86.ActiveCfg = Release|Any CPU
		{8156E731-ED0A-404E-9A72-FCA6988270DA}.Release|x86.Build.0 = Release|Any CPU
		{793DCFF9-618B-4106-9F2E-7280D8DA8CCC}.Debug|Any CPU.ActiveCfg = Debug|Any CPU
		{793DCFF9-618B-4106-9F2E-7280D8DA8CCC}.Debug|Any CPU.Build.0 = Debug|Any CPU
		{793DCFF9-618B-4106-9F2E-7280D8DA8CCC}.Debug|x86.ActiveCfg = Debug|Any CPU
		{793DCFF9-618B-4106-9F2E-7280D8DA8CCC}.Debug|x86.Build.0 = Debug|Any CPU
		{793DCFF9-618B-4106-9F2E-7280D8DA8CCC}.Release|Any CPU.ActiveCfg = Release|Any CPU
		{793DCFF9-618B-4106-9F2E-7280D8DA8CCC}.Release|Any CPU.Build.0 = Release|Any CPU
		{793DCFF9-618B-4106-9F2E-7280D8DA8CCC}.Release|x86.ActiveCfg = Release|Any CPU
		{793DCFF9-618B-4106-9F2E-7280D8DA8CCC}.Release|x86.Build.0 = Release|Any CPU
		{A0141544-D86B-456D-9300-1C04465FC994}.Debug|Any CPU.ActiveCfg = Debug|Any CPU
		{A0141544-D86B-456D-9300-1C04465FC994}.Debug|Any CPU.Build.0 = Debug|Any CPU
		{A0141544-D86B-456D-9300-1C04465FC994}.Debug|x86.ActiveCfg = Debug|Any CPU
		{A0141544-D86B-456D-9300-1C04465FC994}.Debug|x86.Build.0 = Debug|Any CPU
		{A0141544-D86B-456D-9300-1C04465FC994}.Release|Any CPU.ActiveCfg = Release|Any CPU
		{A0141544-D86B-456D-9300-1C04465FC994}.Release|Any CPU.Build.0 = Release|Any CPU
		{A0141544-D86B-456D-9300-1C04465FC994}.Release|x86.ActiveCfg = Release|Any CPU
		{A0141544-D86B-456D-9300-1C04465FC994}.Release|x86.Build.0 = Release|Any CPU
		{856DAAFF-D0C6-4C37-8112-E110D8C588B1}.Debug|Any CPU.ActiveCfg = Debug|Any CPU
		{856DAAFF-D0C6-4C37-8112-E110D8C588B1}.Debug|Any CPU.Build.0 = Debug|Any CPU
		{856DAAFF-D0C6-4C37-8112-E110D8C588B1}.Debug|x86.ActiveCfg = Debug|Any CPU
		{856DAAFF-D0C6-4C37-8112-E110D8C588B1}.Debug|x86.Build.0 = Debug|Any CPU
		{856DAAFF-D0C6-4C37-8112-E110D8C588B1}.Release|Any CPU.ActiveCfg = Release|Any CPU
		{856DAAFF-D0C6-4C37-8112-E110D8C588B1}.Release|Any CPU.Build.0 = Release|Any CPU
		{856DAAFF-D0C6-4C37-8112-E110D8C588B1}.Release|x86.ActiveCfg = Release|Any CPU
		{856DAAFF-D0C6-4C37-8112-E110D8C588B1}.Release|x86.Build.0 = Release|Any CPU
		{467D10FB-D9C3-4323-B738-641750DE9646}.Debug|Any CPU.ActiveCfg = Debug|Any CPU
		{467D10FB-D9C3-4323-B738-641750DE9646}.Debug|Any CPU.Build.0 = Debug|Any CPU
		{467D10FB-D9C3-4323-B738-641750DE9646}.Debug|x86.ActiveCfg = Debug|Any CPU
		{467D10FB-D9C3-4323-B738-641750DE9646}.Debug|x86.Build.0 = Debug|Any CPU
		{467D10FB-D9C3-4323-B738-641750DE9646}.Release|Any CPU.ActiveCfg = Release|Any CPU
		{467D10FB-D9C3-4323-B738-641750DE9646}.Release|Any CPU.Build.0 = Release|Any CPU
		{467D10FB-D9C3-4323-B738-641750DE9646}.Release|x86.ActiveCfg = Release|Any CPU
		{467D10FB-D9C3-4323-B738-641750DE9646}.Release|x86.Build.0 = Release|Any CPU
		{C3B6101B-0B5A-492E-946B-ECC05483137F}.Debug|Any CPU.ActiveCfg = Debug|x86
		{C3B6101B-0B5A-492E-946B-ECC05483137F}.Debug|x86.ActiveCfg = Debug|x86
		{C3B6101B-0B5A-492E-946B-ECC05483137F}.Debug|x86.Build.0 = Debug|x86
		{C3B6101B-0B5A-492E-946B-ECC05483137F}.Release|Any CPU.ActiveCfg = Release|x86
		{C3B6101B-0B5A-492E-946B-ECC05483137F}.Release|x86.ActiveCfg = Release|x86
		{C3B6101B-0B5A-492E-946B-ECC05483137F}.Release|x86.Build.0 = Release|x86
		{6340E498-25E5-4D6E-914F-ACE51CE0D7E3}.Debug|Any CPU.ActiveCfg = Debug|Any CPU
		{6340E498-25E5-4D6E-914F-ACE51CE0D7E3}.Debug|Any CPU.Build.0 = Debug|Any CPU
		{6340E498-25E5-4D6E-914F-ACE51CE0D7E3}.Debug|x86.ActiveCfg = Debug|Any CPU
		{6340E498-25E5-4D6E-914F-ACE51CE0D7E3}.Debug|x86.Build.0 = Debug|Any CPU
		{6340E498-25E5-4D6E-914F-ACE51CE0D7E3}.Release|Any CPU.ActiveCfg = Release|Any CPU
		{6340E498-25E5-4D6E-914F-ACE51CE0D7E3}.Release|Any CPU.Build.0 = Release|Any CPU
		{6340E498-25E5-4D6E-914F-ACE51CE0D7E3}.Release|x86.ActiveCfg = Release|Any CPU
		{6340E498-25E5-4D6E-914F-ACE51CE0D7E3}.Release|x86.Build.0 = Release|Any CPU
	EndGlobalSection
	GlobalSection(SolutionProperties) = preSolution
		HideSolutionNode = FALSE
	EndGlobalSection
	GlobalSection(ExtensibilityGlobals) = postSolution
		SolutionGuid = {B54209F6-29E1-4EDD-8822-085DB8041234}
	EndGlobalSection
EndGlobal
